
Microsoft Visual Studio Solution File, Format Version 12.00
# Visual Studio 15
VisualStudioVersion = 15.0.27703.2000
MinimumVisualStudioVersion = 10.0.40219.1
Project("{FAE04EC0-301F-11D3-BF4B-00C04F79EFBC}") = "GenericRepositorySample", "GenericRepositorySample\GenericRepositorySample.csproj", "{FD2FD927-BB15-4EC1-9CE1-F21C29D8D19C}"
EndProject
Project("{FAE04EC0-301F-11D3-BF4B-00C04F79EFBC}") = "GenericRepositorySample.Data", "GenericRepositorySample.Data\GenericRepositorySample.Data.csproj", "{C425BAF6-6286-48A2-941F-8A066D30FB80}"
EndProject
Global
	GlobalSection(SolutionConfigurationPlatforms) = preSolution
		Debug|Any CPU = Debug|Any CPU
		Release|Any CPU = Release|Any CPU
	EndGlobalSection
	GlobalSection(ProjectConfigurationPlatforms) = postSolution
		{FD2FD927-BB15-4EC1-9CE1-F21C29D8D19C}.Debug|Any CPU.ActiveCfg = Debug|Any CPU
		{FD2FD927-BB15-4EC1-9CE1-F21C29D8D19C}.Debug|Any CPU.Build.0 = Debug|Any CPU
		{FD2FD927-BB15-4EC1-9CE1-F21C29D8D19C}.Release|Any CPU.ActiveCfg = Release|Any CPU
		{FD2FD927-BB15-4EC1-9CE1-F21C29D8D19C}.Release|Any CPU.Build.0 = Release|Any CPU
		{C425BAF6-6286-48A2-941F-8A066D30FB80}.Debug|Any CPU.ActiveCfg = Debug|Any CPU
		{C425BAF6-6286-48A2-941F-8A066D30FB80}.Debug|Any CPU.Build.0 = Debug|Any CPU
		{C425BAF6-6286-48A2-941F-8A066D30FB80}.Release|Any CPU.ActiveCfg = Release|Any CPU
		{C425BAF6-6286-48A2-941F-8A066D30FB80}.Release|Any CPU.Build.0 = Release|Any CPU
	EndGlobalSection
	GlobalSection(SolutionProperties) = preSolution
		HideSolutionNode = FALSE
	EndGlobalSection
	GlobalSection(ExtensibilityGlobals) = postSolution
		SolutionGuid = {DC4638EF-F3D6-4BA6-B19F-838C279C2DC9}
	EndGlobalSection
EndGlobal
